
Microsoft Visual Studio Solution File, Format Version 12.00
# Visual Studio 2017
Project("{FAE04EC0-301F-11D3-BF4B-00C04F79EFBC}") = "RxBlazor", "RxBlazor.csproj", "{6BB1E2E0-84A0-4B55-A0CC-67061622BCA0}"
EndProject
Global
	GlobalSection(SolutionConfigurationPlatforms) = preSolution
		Debug|Any CPU = Debug|Any CPU
		Release|Any CPU = Release|Any CPU
	EndGlobalSection
	GlobalSection(ProjectConfigurationPlatforms) = postSolution
		{6BB1E2E0-84A0-4B55-A0CC-67061622BCA0}.Debug|Any CPU.ActiveCfg = Debug|Any CPU
		{6BB1E2E0-84A0-4B55-A0CC-67061622BCA0}.Debug|Any CPU.Build.0 = Debug|Any CPU
		{6BB1E2E0-84A0-4B55-A0CC-67061622BCA0}.Release|Any CPU.ActiveCfg = Release|Any CPU
		{6BB1E2E0-84A0-4B55-A0CC-67061622BCA0}.Release|Any CPU.Build.0 = Release|Any CPU
	EndGlobalSection
EndGlobal
